
Microsoft Visual Studio Solution File, Format Version 12.00
# Visual Studio Version 16
VisualStudioVersion = 16.0.30204.135
MinimumVisualStudioVersion = 10.0.40219.1
Project("{FAE04EC0-301F-11D3-BF4B-00C04F79EFBC}") = "BouncingRadioButton", "BouncingRadioButton.csproj", "{06F2DC15-B0F9-430E-B5FD-7ADAF3A5C540}"
EndProject
Global
	GlobalSection(SolutionConfigurationPlatforms) = preSolution
		Debug|Any CPU = Debug|Any CPU
		Release|Any CPU = Release|Any CPU
	EndGlobalSection
	GlobalSection(ProjectConfigurationPlatforms) = postSolution
		{06F2DC15-B0F9-430E-B5FD-7ADAF3A5C540}.Debug|Any CPU.ActiveCfg = Debug|Any CPU
		{06F2DC15-B0F9-430E-B5FD-7ADAF3A5C540}.Debug|Any CPU.Build.0 = Debug|Any CPU
		{06F2DC15-B0F9-430E-B5FD-7ADAF3A5C540}.Release|Any CPU.ActiveCfg = Release|Any CPU
		{06F2DC15-B0F9-430E-B5FD-7ADAF3A5C540}.Release|Any CPU.Build.0 = Release|Any CPU
	EndGlobalSection
	GlobalSection(SolutionProperties) = preSolution
		HideSolutionNode = FALSE
	EndGlobalSection
	GlobalSection(ExtensibilityGlobals) = postSolution
		SolutionGuid = {58171E98-8FC5-4514-A414-8B8D2BB59E4D}
	EndGlobalSection
EndGlobal
